// !$*UTF8*$!
{
	archiveVersion = 1;
	classes = {
	};
	objectVersion = 46;
	objects = {

/* Begin PBXBuildFile section */
		AB89A1F71C6416CC00B9F46A /* main.m in Sources */ = {isa = PBXBuildFile; fileRef = AB89A1F61C6416CC00B9F46A /* main.m */; };
		AB89A1FA1C6416CC00B9F46A /* AppDelegate.m in Sources */ = {isa = PBXBuildFile; fileRef = AB89A1F91C6416CC00B9F46A /* AppDelegate.m */; };
		AB89A2001C6416CC00B9F46A /* Main.storyboard in Resources */ = {isa = PBXBuildFile; fileRef = AB89A1FE1C6416CC00B9F46A /* Main.storyboard */; };
		AB89A2031C6416CC00B9F46A /* Reciepts2__.xcdatamodeld in Sources */ = {isa = PBXBuildFile; fileRef = AB89A2011C6416CC00B9F46A /* Reciepts2__.xcdatamodeld */; };
		AB89A2051C6416CC00B9F46A /* Assets.xcassets in Resources */ = {isa = PBXBuildFile; fileRef = AB89A2041C6416CC00B9F46A /* Assets.xcassets */; };
		AB89A2081C6416CC00B9F46A /* LaunchScreen.storyboard in Resources */ = {isa = PBXBuildFile; fileRef = AB89A2061C6416CC00B9F46A /* LaunchScreen.storyboard */; };
		AB89A2131C6416CC00B9F46A /* Reciepts2__Tests.m in Sources */ = {isa = PBXBuildFile; fileRef = AB89A2121C6416CC00B9F46A /* Reciepts2__Tests.m */; };
		AB89A21E1C6416CC00B9F46A /* Reciepts2__UITests.m in Sources */ = {isa = PBXBuildFile; fileRef = AB89A21D1C6416CC00B9F46A /* Reciepts2__UITests.m */; };
		AB89A22D1C64265500B9F46A /* ReceiptsTableViewCell.m in Sources */ = {isa = PBXBuildFile; fileRef = AB89A22C1C64265500B9F46A /* ReceiptsTableViewCell.m */; };
		AB89A2301C64268500B9F46A /* MainTableViewController.m in Sources */ = {isa = PBXBuildFile; fileRef = AB89A22F1C64268500B9F46A /* MainTableViewController.m */; };
		AB89A2331C64272000B9F46A /* AddNewViewController.m in Sources */ = {isa = PBXBuildFile; fileRef = AB89A2321C64272000B9F46A /* AddNewViewController.m */; };
		AB89A23C1C6428B500B9F46A /* Tag+CoreDataProperties.m in Sources */ = {isa = PBXBuildFile; fileRef = AB89A2351C6428B500B9F46A /* Tag+CoreDataProperties.m */; };
		AB89A23D1C6428B500B9F46A /* Tag.m in Sources */ = {isa = PBXBuildFile; fileRef = AB89A2371C6428B500B9F46A /* Tag.m */; };
		AB89A23E1C6428B500B9F46A /* Receipt+CoreDataProperties.m in Sources */ = {isa = PBXBuildFile; fileRef = AB89A2391C6428B500B9F46A /* Receipt+CoreDataProperties.m */; };
		AB89A23F1C6428B500B9F46A /* Receipt.m in Sources */ = {isa = PBXBuildFile; fileRef = AB89A23B1C6428B500B9F46A /* Receipt.m */; };
/* End PBXBuildFile section */

/* Begin PBXContainerItemProxy section */
		AB89A20F1C6416CC00B9F46A /* PBXContainerItemProxy */ = {
			isa = PBXContainerItemProxy;
			containerPortal = AB89A1EA1C6416CC00B9F46A /* Project object */;
			proxyType = 1;
			remoteGlobalIDString = AB89A1F11C6416CC00B9F46A;
			remoteInfo = "Reciepts2++";
		};
		AB89A21A1C6416CC00B9F46A /* PBXContainerItemProxy */ = {
			isa = PBXContainerItemProxy;
			containerPortal = AB89A1EA1C6416CC00B9F46A /* Project object */;
			proxyType = 1;
			remoteGlobalIDString = AB89A1F11C6416CC00B9F46A;
			remoteInfo = "Reciepts2++";
		};
/* End PBXContainerItemProxy section */

/* Begin PBXFileReference section */
		AB89A1F21C6416CC00B9F46A /* Reciepts2++.app */ = {isa = PBXFileReference; explicitFileType = wrapper.application; includeInIndex = 0; path = "Reciepts2++.app"; sourceTree = BUILT_PRODUCTS_DIR; };
		AB89A1F61C6416CC00B9F46A /* main.m */ = {isa = PBXFileReference; lastKnownFileType = sourcecode.c.objc; path = main.m; sourceTree = "<group>"; };
		AB89A1F81C6416CC00B9F46A /* AppDelegate.h */ = {isa = PBXFileReference; lastKnownFileType = sourcecode.c.h; path = AppDelegate.h; sourceTree = "<group>"; };
		AB89A1F91C6416CC00B9F46A /* AppDelegate.m */ = {isa = PBXFileReference; lastKnownFileType = sourcecode.c.objc; path = AppDelegate.m; sourceTree = "<group>"; };
		AB89A1FF1C6416CC00B9F46A /* Base */ = {isa = PBXFileReference; lastKnownFileType = file.storyboard; name = Base; path = Base.lproj/Main.storyboard; sourceTree = "<group>"; };
		AB89A2021C6416CC00B9F46A /* Reciepts2__.xcdatamodel */ = {isa = PBXFileReference; lastKnownFileType = wrapper.xcdatamodel; path = Reciepts2__.xcdatamodel; sourceTree = "<group>"; };
		AB89A2041C6416CC00B9F46A /* Assets.xcassets */ = {isa = PBXFileReference; lastKnownFileType = folder.assetcatalog; path = Assets.xcassets; sourceTree = "<group>"; };
		AB89A2071C6416CC00B9F46A /* Base */ = {isa = PBXFileReference; lastKnownFileType = file.storyboard; name = Base; path = Base.lproj/LaunchScreen.storyboard; sourceTree = "<group>"; };
		AB89A2091C6416CC00B9F46A /* Info.plist */ = {isa = PBXFileReference; lastKnownFileType = text.plist.xml; path = Info.plist; sourceTree = "<group>"; };
		AB89A20E1C6416CC00B9F46A /* Reciepts2++Tests.xctest */ = {isa = PBXFileReference; explicitFileType = wrapper.cfbundle; includeInIndex = 0; path = "Reciepts2++Tests.xctest"; sourceTree = BUILT_PRODUCTS_DIR; };
		AB89A2121C6416CC00B9F46A /* Reciepts2__Tests.m */ = {isa = PBXFileReference; lastKnownFileType = sourcecode.c.objc; path = Reciepts2__Tests.m; sourceTree = "<group>"; };
		AB89A2141C6416CC00B9F46A /* Info.plist */ = {isa = PBXFileReference; lastKnownFileType = text.plist.xml; path = Info.plist; sourceTree = "<group>"; };
		AB89A2191C6416CC00B9F46A /* Reciepts2++UITests.xctest */ = {isa = PBXFileReference; explicitFileType = wrapper.cfbundle; includeInIndex = 0; path = "Reciepts2++UITests.xctest"; sourceTree = BUILT_PRODUCTS_DIR; };
		AB89A21D1C6416CC00B9F46A /* Reciepts2__UITests.m */ = {isa = PBXFileReference; lastKnownFileType = sourcecode.c.objc; path = Reciepts2__UITests.m; sourceTree = "<group>"; };
		AB89A21F1C6416CC00B9F46A /* Info.plist */ = {isa = PBXFileReference; lastKnownFileType = text.plist.xml; path = Info.plist; sourceTree = "<group>"; };
		AB89A22B1C64265500B9F46A /* ReceiptsTableViewCell.h */ = {isa = PBXFileReference; fileEncoding = 4; lastKnownFileType = sourcecode.c.h; name = ReceiptsTableViewCell.h; path = ../ReceiptsTableViewCell.h; sourceTree = "<group>"; };
		AB89A22C1C64265500B9F46A /* ReceiptsTableViewCell.m */ = {isa = PBXFileReference; fileEncoding = 4; lastKnownFileType = sourcecode.c.objc; name = ReceiptsTableViewCell.m; path = ../ReceiptsTableViewCell.m; sourceTree = "<group>"; };
		AB89A22E1C64268500B9F46A /* MainTableViewController.h */ = {isa = PBXFileReference; fileEncoding = 4; lastKnownFileType = sourcecode.c.h; name = MainTableViewController.h; path = ../MainTableViewController.h; sourceTree = "<group>"; };
		AB89A22F1C64268500B9F46A /* MainTableViewController.m */ = {isa = PBXFileReference; fileEncoding = 4; lastKnownFileType = sourcecode.c.objc; name = MainTableViewController.m; path = ../MainTableViewController.m; sourceTree = "<group>"; };
		AB89A2311C64272000B9F46A /* AddNewViewController.h */ = {isa = PBXFileReference; fileEncoding = 4; lastKnownFileType = sourcecode.c.h; path = AddNewViewController.h; sourceTree = "<group>"; };
		AB89A2321C64272000B9F46A /* AddNewViewController.m */ = {isa = PBXFileReference; fileEncoding = 4; lastKnownFileType = sourcecode.c.objc; path = AddNewViewController.m; sourceTree = "<group>"; };
		AB89A2341C6428B500B9F46A /* Tag+CoreDataProperties.h */ = {isa = PBXFileReference; fileEncoding = 4; lastKnownFileType = sourcecode.c.h; path = "Tag+CoreDataProperties.h"; sourceTree = "<group>"; };
		AB89A2351C6428B500B9F46A /* Tag+CoreDataProperties.m */ = {isa = PBXFileReference; fileEncoding = 4; lastKnownFileType = sourcecode.c.objc; path = "Tag+CoreDataProperties.m"; sourceTree = "<group>"; };
		AB89A2361C6428B500B9F46A /* Tag.h */ = {isa = PBXFileReference; fileEncoding = 4; lastKnownFileType = sourcecode.c.h; path = Tag.h; sourceTree = "<group>"; };
		AB89A2371C6428B500B9F46A /* Tag.m */ = {isa = PBXFileReference; fileEncoding = 4; lastKnownFileType = sourcecode.c.objc; path = Tag.m; sourceTree = "<group>"; };
		AB89A2381C6428B500B9F46A /* Receipt+CoreDataProperties.h */ = {isa = PBXFileReference; fileEncoding = 4; lastKnownFileType = sourcecode.c.h; path = "Receipt+CoreDataProperties.h"; sourceTree = "<group>"; };
		AB89A2391C6428B500B9F46A /* Receipt+CoreDataProperties.m */ = {isa = PBXFileReference; fileEncoding = 4; lastKnownFileType = sourcecode.c.objc; path = "Receipt+CoreDataProperties.m"; sourceTree = "<group>"; };
		AB89A23A1C6428B500B9F46A /* Receipt.h */ = {isa = PBXFileReference; fileEncoding = 4; lastKnownFileType = sourcecode.c.h; path = Receipt.h; sourceTree = "<group>"; };
		AB89A23B1C6428B500B9F46A /* Receipt.m */ = {isa = PBXFileReference; fileEncoding = 4; lastKnownFileType = sourcecode.c.objc; path = Receipt.m; sourceTree = "<group>"; };
/* End PBXFileReference section */

/* Begin PBXFrameworksBuildPhase section */
		AB89A1EF1C6416CC00B9F46A /* Frameworks */ = {
			isa = PBXFrameworksBuildPhase;
			buildActionMask = 2147483647;
			files = (
			);
			runOnlyForDeploymentPostprocessing = 0;
		};
		AB89A20B1C6416CC00B9F46A /* Frameworks */ = {
			isa = PBXFrameworksBuildPhase;
			buildActionMask = 2147483647;
			files = (
			);
			runOnlyForDeploymentPostprocessing = 0;
		};
		AB89A2161C6416CC00B9F46A /* Frameworks */ = {
			isa = PBXFrameworksBuildPhase;
			buildActionMask = 2147483647;
			files = (
			);
			runOnlyForDeploymentPostprocessing = 0;
		};
/* End PBXFrameworksBuildPhase section */

/* Begin PBXGroup section */
		AB89A1E91C6416CC00B9F46A = {
			isa = PBXGroup;
			children = (
				AB89A1F41C6416CC00B9F46A /* Reciepts2++ */,
				AB89A2111C6416CC00B9F46A /* Reciepts2++Tests */,
				AB89A21C1C6416CC00B9F46A /* Reciepts2++UITests */,
				AB89A1F31C6416CC00B9F46A /* Products */,
			);
			sourceTree = "<group>";
		};
		AB89A1F31C6416CC00B9F46A /* Products */ = {
			isa = PBXGroup;
			children = (
				AB89A1F21C6416CC00B9F46A /* Reciepts2++.app */,
				AB89A20E1C6416CC00B9F46A /* Reciepts2++Tests.xctest */,
				AB89A2191C6416CC00B9F46A /* Reciepts2++UITests.xctest */,
			);
			name = Products;
			sourceTree = "<group>";
		};
		AB89A1F41C6416CC00B9F46A /* Reciepts2++ */ = {
			isa = PBXGroup;
			children = (
				AB89A1F81C6416CC00B9F46A /* AppDelegate.h */,
				AB89A1F91C6416CC00B9F46A /* AppDelegate.m */,
				AB89A1FE1C6416CC00B9F46A /* Main.storyboard */,
				AB89A2341C6428B500B9F46A /* Tag+CoreDataProperties.h */,
				AB89A2351C6428B500B9F46A /* Tag+CoreDataProperties.m */,
				AB89A2361C6428B500B9F46A /* Tag.h */,
				AB89A2371C6428B500B9F46A /* Tag.m */,
				AB89A2381C6428B500B9F46A /* Receipt+CoreDataProperties.h */,
				AB89A2391C6428B500B9F46A /* Receipt+CoreDataProperties.m */,
				AB89A23A1C6428B500B9F46A /* Receipt.h */,
				AB89A23B1C6428B500B9F46A /* Receipt.m */,
				AB89A2311C64272000B9F46A /* AddNewViewController.h */,
				AB89A2321C64272000B9F46A /* AddNewViewController.m */,
				AB89A2041C6416CC00B9F46A /* Assets.xcassets */,
				AB89A2061C6416CC00B9F46A /* LaunchScreen.storyboard */,
				AB89A22E1C64268500B9F46A /* MainTableViewController.h */,
				AB89A22F1C64268500B9F46A /* MainTableViewController.m */,
				AB89A22B1C64265500B9F46A /* ReceiptsTableViewCell.h */,
				AB89A22C1C64265500B9F46A /* ReceiptsTableViewCell.m */,
				AB89A2091C6416CC00B9F46A /* Info.plist */,
				AB89A2011C6416CC00B9F46A /* Reciepts2__.xcdatamodeld */,
				AB89A1F51C6416CC00B9F46A /* Supporting Files */,
			);
			path = "Reciepts2++";
			sourceTree = "<group>";
		};
		AB89A1F51C6416CC00B9F46A /* Supporting Files */ = {
			isa = PBXGroup;
			children = (
				AB89A1F61C6416CC00B9F46A /* main.m */,
			);
			name = "Supporting Files";
			sourceTree = "<group>";
		};
		AB89A2111C6416CC00B9F46A /* Reciepts2++Tests */ = {
			isa = PBXGroup;
			children = (
				AB89A2121C6416CC00B9F46A /* Reciepts2__Tests.m */,
				AB89A2141C6416CC00B9F46A /* Info.plist */,
			);
			path = "Reciepts2++Tests";
			sourceTree = "<group>";
		};
		AB89A21C1C6416CC00B9F46A /* Reciepts2++UITests */ = {
			isa = PBXGroup;
			children = (
				AB89A21D1C6416CC00B9F46A /* Reciepts2__UITests.m */,
				AB89A21F1C6416CC00B9F46A /* Info.plist */,
			);
			path = "Reciepts2++UITests";
			sourceTree = "<group>";
		};
/* End PBXGroup section */

/* Begin PBXNativeTarget section */
		AB89A1F11C6416CC00B9F46A /* Reciepts2++ */ = {
			isa = PBXNativeTarget;
			buildConfigurationList = AB89A2221C6416CC00B9F46A /* Build configuration list for PBXNativeTarget "Reciepts2++" */;
			buildPhases = (
				AB89A1EE1C6416CC00B9F46A /* Sources */,
				AB89A1EF1C6416CC00B9F46A /* Frameworks */,
				AB89A1F01C6416CC00B9F46A /* Resources */,
			);
			buildRules = (
			);
			dependencies = (
			);
			name = "Reciepts2++";
			productName = "Reciepts2++";
			productReference = AB89A1F21C6416CC00B9F46A /* Reciepts2++.app */;
			productType = "com.apple.product-type.application";
		};
		AB89A20D1C6416CC00B9F46A /* Reciepts2++Tests */ = {
			isa = PBXNativeTarget;
			buildConfigurationList = AB89A2251C6416CC00B9F46A /* Build configuration list for PBXNativeTarget "Reciepts2++Tests" */;
			buildPhases = (
				AB89A20A1C6416CC00B9F46A /* Sources */,
				AB89A20B1C6416CC00B9F46A /* Frameworks */,
				AB89A20C1C6416CC00B9F46A /* Resources */,
			);
			buildRules = (
			);
			dependencies = (
				AB89A2101C6416CC00B9F46A /* PBXTargetDependency */,
			);
			name = "Reciepts2++Tests";
			productName = "Reciepts2++Tests";
			productReference = AB89A20E1C6416CC00B9F46A /* Reciepts2++Tests.xctest */;
			productType = "com.apple.product-type.bundle.unit-test";
		};
		AB89A2181C6416CC00B9F46A /* Reciepts2++UITests */ = {
			isa = PBXNativeTarget;
			buildConfigurationList = AB89A2281C6416CC00B9F46A /* Build configuration list for PBXNativeTarget "Reciepts2++UITests" */;
			buildPhases = (
				AB89A2151C6416CC00B9F46A /* Sources */,
				AB89A2161C6416CC00B9F46A /* Frameworks */,
				AB89A2171C6416CC00B9F46A /* Resources */,
			);
			buildRules = (
			);
			dependencies = (
				AB89A21B1C6416CC00B9F46A /* PBXTargetDependency */,
			);
			name = "Reciepts2++UITests";
			productName = "Reciepts2++UITests";
			productReference = AB89A2191C6416CC00B9F46A /* Reciepts2++UITests.xctest */;
			productType = "com.apple.product-type.bundle.ui-testing";
		};
/* End PBXNativeTarget section */

/* Begin PBXProject section */
		AB89A1EA1C6416CC00B9F46A /* Project object */ = {
			isa = PBXProject;
			attributes = {
				LastUpgradeCheck = 0720;
				ORGANIZATIONNAME = "Kerry Toonen";
				TargetAttributes = {
					AB89A1F11C6416CC00B9F46A = {
						CreatedOnToolsVersion = 7.2;
						DevelopmentTeam = 9QSWA6BJVQ;
					};
					AB89A20D1C6416CC00B9F46A = {
						CreatedOnToolsVersion = 7.2;
						DevelopmentTeam = 9QSWA6BJVQ;
						TestTargetID = AB89A1F11C6416CC00B9F46A;
					};
					AB89A2181C6416CC00B9F46A = {
						CreatedOnToolsVersion = 7.2;
						DevelopmentTeam = 9QSWA6BJVQ;
						TestTargetID = AB89A1F11C6416CC00B9F46A;
					};
				};
			};
			buildConfigurationList = AB89A1ED1C6416CC00B9F46A /* Build configuration list for PBXProject "Reciepts2++" */;
			compatibilityVersion = "Xcode 3.2";
			developmentRegion = English;
			hasScannedForEncodings = 0;
			knownRegions = (
				en,
				Base,
			);
			mainGroup = AB89A1E91C6416CC00B9F46A;
			productRefGroup = AB89A1F31C6416CC00B9F46A /* Products */;
			projectDirPath = "";
			projectRoot = "";
			targets = (
				AB89A1F11C6416CC00B9F46A /* Reciepts2++ */,
				AB89A20D1C6416CC00B9F46A /* Reciepts2++Tests */,
				AB89A2181C6416CC00B9F46A /* Reciepts2++UITests */,
			);
		};
/* End PBXProject section */

/* Begin PBXResourcesBuildPhase section */
		AB89A1F01C6416CC00B9F46A /* Resources */ = {
			isa = PBXResourcesBuildPhase;
			buildActionMask = 2147483647;
			files = (
				AB89A2081C6416CC00B9F46A /* LaunchScreen.storyboard in Resources */,
				AB89A2051C6416CC00B9F46A /* Assets.xcassets in Resources */,
				AB89A2001C6416CC00B9F46A /* Main.storyboard in Resources */,
			);
			runOnlyForDeploymentPostprocessing = 0;
		};
		AB89A20C1C6416CC00B9F46A /* Resources */ = {
			isa = PBXResourcesBuildPhase;
			buildActionMask = 2147483647;
			files = (
			);
			runOnlyForDeploymentPostprocessing = 0;
		};
		AB89A2171C6416CC00B9F46A /* Resources */ = {
			isa = PBXResourcesBuildPhase;
			buildActionMask = 2147483647;
			files = (
			);
			runOnlyForDeploymentPostprocessing = 0;
		};
/* End PBXResourcesBuildPhase section */

/* Begin PBXSourcesBuildPhase section */
		AB89A1EE1C6416CC00B9F46A /* Sources */ = {
			isa = PBXSourcesBuildPhase;
			buildActionMask = 2147483647;
			files = (
				AB89A22D1C64265500B9F46A /* ReceiptsTableViewCell.m in Sources */,
				AB89A2331C64272000B9F46A /* AddNewViewController.m in Sources */,
				AB89A1FA1C6416CC00B9F46A /* AppDelegate.m in Sources */,
				AB89A23E1C6428B500B9F46A /* Receipt+CoreDataProperties.m in Sources */,
				AB89A1F71C6416CC00B9F46A /* main.m in Sources */,
				AB89A23D1C6428B500B9F46A /* Tag.m in Sources */,
				AB89A23F1C6428B500B9F46A /* Receipt.m in Sources */,
				AB89A23C1C6428B500B9F46A /* Tag+CoreDataProperties.m in Sources */,
				AB89A2301C64268500B9F46A /* MainTableViewController.m in Sources */,
				AB89A2031C6416CC00B9F46A /* Reciepts2__.xcdatamodeld in Sources */,
			);
			runOnlyForDeploymentPostprocessing = 0;
		};
		AB89A20A1C6416CC00B9F46A /* Sources */ = {
			isa = PBXSourcesBuildPhase;
			buildActionMask = 2147483647;
			files = (
				AB89A2131C6416CC00B9F46A /* Reciepts2__Tests.m in Sources */,
			);
			runOnlyForDeploymentPostprocessing = 0;
		};
		AB89A2151C6416CC00B9F46A /* Sources */ = {
			isa = PBXSourcesBuildPhase;
			buildActionMask = 2147483647;
			files = (
				AB89A21E1C6416CC00B9F46A /* Reciepts2__UITests.m in Sources */,
			);
			runOnlyForDeploymentPostprocessing = 0;
		};
/* End PBXSourcesBuildPhase section */

/* Begin PBXTargetDependency section */
		AB89A2101C6416CC00B9F46A /* PBXTargetDependency */ = {
			isa = PBXTargetDependency;
			target = AB89A1F11C6416CC00B9F46A /* Reciepts2++ */;
			targetProxy = AB89A20F1C6416CC00B9F46A /* PBXContainerItemProxy */;
		};
		AB89A21B1C6416CC00B9F46A /* PBXTargetDependency */ = {
			isa = PBXTargetDependency;
			target = AB89A1F11C6416CC00B9F46A /* Reciepts2++ */;
			targetProxy = AB89A21A1C6416CC00B9F46A /* PBXContainerItemProxy */;
		};
/* End PBXTargetDependency section */

/* Begin PBXVariantGroup section */
		AB89A1FE1C6416CC00B9F46A /* Main.storyboard */ = {
			isa = PBXVariantGroup;
			children = (
				AB89A1FF1C6416CC00B9F46A /* Base */,
			);
			name = Main.storyboard;
			sourceTree = "<group>";
		};
		AB89A2061C6416CC00B9F46A /* LaunchScreen.storyboard */ = {
			isa = PBXVariantGroup;
			children = (
				AB89A2071C6416CC00B9F46A /* Base */,
			);
			name = LaunchScreen.storyboard;
			sourceTree = "<group>";
		};
/* End PBXVariantGroup section */

/* Begin XCBuildConfiguration section */
		AB89A2201C6416CC00B9F46A /* Debug */ = {
			isa = XCBuildConfiguration;
			buildSettings = {
				ALWAYS_SEARCH_USER_PATHS = NO;
				CLANG_CXX_LANGUAGE_STANDARD = "gnu++0x";
				CLANG_CXX_LIBRARY = "libc++";
				CLANG_ENABLE_MODULES = YES;
				CLANG_ENABLE_OBJC_ARC = YES;
				CLANG_WARN_BOOL_CONVERSION = YES;
				CLANG_WARN_CONSTANT_CONVERSION = YES;
				CLANG_WARN_DIRECT_OBJC_ISA_USAGE = YES_ERROR;
				CLANG_WARN_EMPTY_BODY = YES;
				CLANG_WARN_ENUM_CONVERSION = YES;
				CLANG_WARN_INT_CONVERSION = YES;
				CLANG_WARN_OBJC_ROOT_CLASS = YES_ERROR;
				CLANG_WARN_UNREACHABLE_CODE = YES;
				CLANG_WARN__DUPLICATE_METHOD_MATCH = YES;
				"CODE_SIGN_IDENTITY[sdk=iphoneos*]" = "iPhone Developer";
				COPY_PHASE_STRIP = NO;
				DEBUG_INFORMATION_FORMAT = dwarf;
				ENABLE_STRICT_OBJC_MSGSEND = YES;
				ENABLE_TESTABILITY = YES;
				GCC_C_LANGUAGE_STANDARD = gnu99;
				GCC_DYNAMIC_NO_PIC = NO;
				GCC_NO_COMMON_BLOCKS = YES;
				GCC_OPTIMIZATION_LEVEL = 0;
				GCC_PREPROCESSOR_DEFINITIONS = (
					"DEBUG=1",
					"$(inherited)",
				);
				GCC_WARN_64_TO_32_BIT_CONVERSION = YES;
				GCC_WARN_ABOUT_RETURN_TYPE = YES_ERROR;
				GCC_WARN_UNDECLARED_SELECTOR = YES;
				GCC_WARN_UNINITIALIZED_AUTOS = YES_AGGRESSIVE;
				GCC_WARN_UNUSED_FUNCTION = YES;
				GCC_WARN_UNUSED_VARIABLE = YES;
				IPHONEOS_DEPLOYMENT_TARGET = 9.2;
				MTL_ENABLE_DEBUG_INFO = YES;
				ONLY_ACTIVE_ARCH = YES;
				SDKROOT = iphoneos;
			};
			name = Debug;
		};
		AB89A2211C6416CC00B9F46A /* Release */ = {
			isa = XCBuildConfiguration;
			buildSettings = {
				ALWAYS_SEARCH_USER_PATHS = NO;
				CLANG_CXX_LANGUAGE_STANDARD = "gnu++0x";
				CLANG_CXX_LIBRARY = "libc++";
				CLANG_ENABLE_MODULES = YES;
				CLANG_ENABLE_OBJC_ARC = YES;
				CLANG_WARN_BOOL_CONVERSION = YES;
				CLANG_WARN_CONSTANT_CONVERSION = YES;
				CLANG_WARN_DIRECT_OBJC_ISA_USAGE = YES_ERROR;
				CLANG_WARN_EMPTY_BODY = YES;
				CLANG_WARN_ENUM_CONVERSION = YES;
				CLANG_WARN_INT_CONVERSION = YES;
				CLANG_WARN_OBJC_ROOT_CLASS = YES_ERROR;
				CLANG_WARN_UNREACHABLE_CODE = YES;
				CLANG_WARN__DUPLICATE_METHOD_MATCH = YES;
				"CODE_SIGN_IDENTITY[sdk=iphoneos*]" = "iPhone Developer";
				COPY_PHASE_STRIP = NO;
				DEBUG_INFORMATION_FORMAT = "dwarf-with-dsym";
				ENABLE_NS_ASSERTIONS = NO;
				ENABLE_STRICT_OBJC_MSGSEND = YES;
				GCC_C_LANGUAGE_STANDARD = gnu99;
				GCC_NO_COMMON_BLOCKS = YES;
				GCC_WARN_64_TO_32_BIT_CONVERSION = YES;
				GCC_WARN_ABOUT_RETURN_TYPE = YES_ERROR;
				GCC_WARN_UNDECLARED_SELECTOR = YES;
				GCC_WARN_UNINITIALIZED_AUTOS = YES_AGGRESSIVE;
				GCC_WARN_UNUSED_FUNCTION = YES;
				GCC_WARN_UNUSED_VARIABLE = YES;
				IPHONEOS_DEPLOYMENT_TARGET = 9.2;
				MTL_ENABLE_DEBUG_INFO = NO;
				SDKROOT = iphoneos;
				VALIDATE_PRODUCT = YES;
			};
			name = Release;
		};
		AB89A2231C6416CC00B9F46A /* Debug */ = {
			isa = XCBuildConfiguration;
			buildSettings = {
				ASSETCATALOG_COMPILER_APPICON_NAME = AppIcon;
				INFOPLIST_FILE = "Reciepts2++/Info.plist";
				LD_RUNPATH_SEARCH_PATHS = "$(inherited) @executable_path/Frameworks";
				PRODUCT_BUNDLE_IDENTIFIER = "kerrytoonen.Reciepts2--";
				PRODUCT_NAME = "$(TARGET_NAME)";
			};
			name = Debug;
		};
		AB89A2241C6416CC00B9F46A /* Release */ = {
			isa = XCBuildConfiguration;
			buildSettings = {
				ASSETCATALOG_COMPILER_APPICON_NAME = AppIcon;
				INFOPLIST_FILE = "Reciepts2++/Info.plist";
				LD_RUNPATH_SEARCH_PATHS = "$(inherited) @executable_path/Frameworks";
				PRODUCT_BUNDLE_IDENTIFIER = "kerrytoonen.Reciepts2--";
				PRODUCT_NAME = "$(TARGET_NAME)";
			};
			name = Release;
		};
		AB89A2261C6416CC00B9F46A /* Debug */ = {
			isa = XCBuildConfiguration;
			buildSettings = {
				BUNDLE_LOADER = "$(TEST_HOST)";
				INFOPLIST_FILE = "Reciepts2++Tests/Info.plist";
				LD_RUNPATH_SEARCH_PATHS = "$(inherited) @executable_path/Frameworks @loader_path/Frameworks";
				PRODUCT_BUNDLE_IDENTIFIER = "kerrytoonen.Reciepts2--Tests";
				PRODUCT_NAME = "$(TARGET_NAME)";
				TEST_HOST = "$(BUILT_PRODUCTS_DIR)/Reciepts2++.app/Reciepts2++";
			};
			name = Debug;
		};
		AB89A2271C6416CC00B9F46A /* Release */ = {
			isa = XCBuildConfiguration;
			buildSettings = {
				BUNDLE_LOADER = "$(TEST_HOST)";
				INFOPLIST_FILE = "Reciepts2++Tests/Info.plist";
				LD_RUNPATH_SEARCH_PATHS = "$(inherited) @executable_path/Frameworks @loader_path/Frameworks";
				PRODUCT_BUNDLE_IDENTIFIER = "kerrytoonen.Reciepts2--Tests";
				PRODUCT_NAME = "$(TARGET_NAME)";
				TEST_HOST = "$(BUILT_PRODUCTS_DIR)/Reciepts2++.app/Reciepts2++";
			};
			name = Release;
		};
		AB89A2291C6416CC00B9F46A /* Debug */ = {
			isa = XCBuildConfiguration;
			buildSettings = {
				INFOPLIST_FILE = "Reciepts2++UITests/Info.plist";
				LD_RUNPATH_SEARCH_PATHS = "$(inherited) @executable_path/Frameworks @loader_path/Frameworks";
				PRODUCT_BUNDLE_IDENTIFIER = "kerrytoonen.Reciepts2--UITests";
				PRODUCT_NAME = "$(TARGET_NAME)";
				TEST_TARGET_NAME = "Reciepts2++";
				USES_XCTRUNNER = YES;
			};
			name = Debug;
		};
		AB89A22A1C6416CC00B9F46A /* Release */ = {
			isa = XCBuildConfiguration;
			buildSettings = {
				INFOPLIST_FILE = "Reciepts2++UITests/Info.plist";
				LD_RUNPATH_SEARCH_PATHS = "$(inherited) @executable_path/Frameworks @loader_path/Frameworks";
				PRODUCT_BUNDLE_IDENTIFIER = "kerrytoonen.Reciepts2--UITests";
				PRODUCT_NAME = "$(TARGET_NAME)";
				TEST_TARGET_NAME = "Reciepts2++";
				USES_XCTRUNNER = YES;
			};
			name = Release;
		};
/* End XCBuildConfiguration section */

/* Begin XCConfigurationList section */
		AB89A1ED1C6416CC00B9F46A /* Build configuration list for PBXProject "Reciepts2++" */ = {
			isa = XCConfigurationList;
			buildConfigurations = (
				AB89A2201C6416CC00B9F46A /* Debug */,
				AB89A2211C6416CC00B9F46A /* Release */,
			);
			defaultConfigurationIsVisible = 0;
			defaultConfigurationName = Release;
		};
		AB89A2221C6416CC00B9F46A /* Build configuration list for PBXNativeTarget "Reciepts2++" */ = {
			isa = XCConfigurationList;
			buildConfigurations = (
				AB89A2231C6416CC00B9F46A /* Debug */,
				AB89A2241C6416CC00B9F46A /* Release */,
			);
			defaultConfigurationIsVisible = 0;
			defaultConfigurationName = Release;
		};
		AB89A2251C6416CC00B9F46A /* Build configuration list for PBXNativeTarget "Reciepts2++Tests" */ = {
			isa = XCConfigurationList;
			buildConfigurations = (
				AB89A2261C6416CC00B9F46A /* Debug */,
				AB89A2271C6416CC00B9F46A /* Release */,
			);
			defaultConfigurationIsVisible = 0;
			defaultConfigurationName = Release;
		};
		AB89A2281C6416CC00B9F46A /* Build configuration list for PBXNativeTarget "Reciepts2++UITests" */ = {
			isa = XCConfigurationList;
			buildConfigurations = (
				AB89A2291C6416CC00B9F46A /* Debug */,
				AB89A22A1C6416CC00B9F46A /* Release */,
			);
			defaultConfigurationIsVisible = 0;
			defaultConfigurationName = Release;
		};
/* End XCConfigurationList section */

/* Begin XCVersionGroup section */
		AB89A2011C6416CC00B9F46A /* Reciepts2__.xcdatamodeld */ = {
			isa = XCVersionGroup;
			children = (
				AB89A2021C6416CC00B9F46A /* Reciepts2__.xcdatamodel */,
			);
			currentVersion = AB89A2021C6416CC00B9F46A /* Reciepts2__.xcdatamodel */;
			path = Reciepts2__.xcdatamodeld;
			sourceTree = "<group>";
			versionGroupType = wrapper.xcdatamodel;
		};
/* End XCVersionGroup section */
	};
	rootObject = AB89A1EA1C6416CC00B9F46A /* Project object */;
}
